
Microsoft Visual Studio Solution File, Format Version 12.00
# Visual Studio Version 17
VisualStudioVersion = 17.2.32630.192
MinimumVisualStudioVersion = 10.0.40219.1
Project("{9A19103F-16F7-4668-BE54-9A1E7A4F7556}") = "BinarySearch", "Binary Search\BinarySearch.csproj", "{DA67770C-CFB6-4830-AA4B-27668F1151EC}"
EndProject
Project("{FAE04EC0-301F-11D3-BF4B-00C04F79EFBC}") = "Anagram", "..\Anagram\Anagram.csproj", "{878718EA-5830-441E-BF2C-B59C87AF6333}"
EndProject
Project("{FAE04EC0-301F-11D3-BF4B-00C04F79EFBC}") = "InsertionSort", "..\InsertionSort\InsertionSort.csproj", "{6D1ACCEE-FD5E-47B9-A835-40D6AA10D42E}"
EndProject
Project("{FAE04EC0-301F-11D3-BF4B-00C04F79EFBC}") = "BubbleSort", "..\BubbleSort\BubbleSort.csproj", "{BF9B4861-BCE4-4D4C-8E3D-B5D5B8A05373}"
EndProject
Project("{FAE04EC0-301F-11D3-BF4B-00C04F79EFBC}") = "Permutation", "..\Permutation\Permutation.csproj", "{C4ACC511-5241-4E4D-A223-F24F5F5653CD}"
EndProject
Project("{FAE04EC0-301F-11D3-BF4B-00C04F79EFBC}") = "PrimeNumber", "..\PrimeNumber\PrimeNumber.csproj", "{874961F1-E42F-4FF6-ADFE-DA815F639297}"
EndProject
Project("{FAE04EC0-301F-11D3-BF4B-00C04F79EFBC}") = "Regex", "..\Regex\Regex.csproj", "{5C10A6AD-B2BF-4206-A0F9-6FF712293B93}"
EndProject
Global
	GlobalSection(SolutionConfigurationPlatforms) = preSolution
		Debug|Any CPU = Debug|Any CPU
		Release|Any CPU = Release|Any CPU
	EndGlobalSection
	GlobalSection(ProjectConfigurationPlatforms) = postSolution
		{DA67770C-CFB6-4830-AA4B-27668F1151EC}.Debug|Any CPU.ActiveCfg = Debug|Any CPU
		{DA67770C-CFB6-4830-AA4B-27668F1151EC}.Debug|Any CPU.Build.0 = Debug|Any CPU
		{DA67770C-CFB6-4830-AA4B-27668F1151EC}.Release|Any CPU.ActiveCfg = Release|Any CPU
		{DA67770C-CFB6-4830-AA4B-27668F1151EC}.Release|Any CPU.Build.0 = Release|Any CPU
		{878718EA-5830-441E-BF2C-B59C87AF6333}.Debug|Any CPU.ActiveCfg = Debug|Any CPU
		{878718EA-5830-441E-BF2C-B59C87AF6333}.Debug|Any CPU.Build.0 = Debug|Any CPU
		{878718EA-5830-441E-BF2C-B59C87AF6333}.Release|Any CPU.ActiveCfg = Release|Any CPU
		{878718EA-5830-441E-BF2C-B59C87AF6333}.Release|Any CPU.Build.0 = Release|Any CPU
		{6D1ACCEE-FD5E-47B9-A835-40D6AA10D42E}.Debug|Any CPU.ActiveCfg = Debug|Any CPU
		{6D1ACCEE-FD5E-47B9-A835-40D6AA10D42E}.Debug|Any CPU.Build.0 = Debug|Any CPU
		{6D1ACCEE-FD5E-47B9-A835-40D6AA10D42E}.Release|Any CPU.ActiveCfg = Release|Any CPU
		{6D1ACCEE-FD5E-47B9-A835-40D6AA10D42E}.Release|Any CPU.Build.0 = Release|Any CPU
		{BF9B4861-BCE4-4D4C-8E3D-B5D5B8A05373}.Debug|Any CPU.ActiveCfg = Debug|Any CPU
		{BF9B4861-BCE4-4D4C-8E3D-B5D5B8A05373}.Debug|Any CPU.Build.0 = Debug|Any CPU
		{BF9B4861-BCE4-4D4C-8E3D-B5D5B8A05373}.Release|Any CPU.ActiveCfg = Release|Any CPU
		{BF9B4861-BCE4-4D4C-8E3D-B5D5B8A05373}.Release|Any CPU.Build.0 = Release|Any CPU
		{C4ACC511-5241-4E4D-A223-F24F5F5653CD}.Debug|Any CPU.ActiveCfg = Debug|Any CPU
		{C4ACC511-5241-4E4D-A223-F24F5F5653CD}.Debug|Any CPU.Build.0 = Debug|Any CPU
		{C4ACC511-5241-4E4D-A223-F24F5F5653CD}.Release|Any CPU.ActiveCfg = Release|Any CPU
		{C4ACC511-5241-4E4D-A223-F24F5F5653CD}.Release|Any CPU.Build.0 = Release|Any CPU
		{874961F1-E42F-4FF6-ADFE-DA815F639297}.Debug|Any CPU.ActiveCfg = Debug|Any CPU
		{874961F1-E42F-4FF6-ADFE-DA815F639297}.Debug|Any CPU.Build.0 = Debug|Any CPU
		{874961F1-E42F-4FF6-ADFE-DA815F639297}.Release|Any CPU.ActiveCfg = Release|Any CPU
		{874961F1-E42F-4FF6-ADFE-DA815F639297}.Release|Any CPU.Build.0 = Release|Any CPU
		{5C10A6AD-B2BF-4206-A0F9-6FF712293B93}.Debug|Any CPU.ActiveCfg = Debug|Any CPU
		{5C10A6AD-B2BF-4206-A0F9-6FF712293B93}.Debug|Any CPU.Build.0 = Debug|Any CPU
		{5C10A6AD-B2BF-4206-A0F9-6FF712293B93}.Release|Any CPU.ActiveCfg = Release|Any CPU
		{5C10A6AD-B2BF-4206-A0F9-6FF712293B93}.Release|Any CPU.Build.0 = Release|Any CPU
	EndGlobalSection
	GlobalSection(SolutionProperties) = preSolution
		HideSolutionNode = FALSE
	EndGlobalSection
	GlobalSection(ExtensibilityGlobals) = postSolution
		SolutionGuid = {5A499069-66EE-4480-9248-6D99DBC0DB10}
	EndGlobalSection
EndGlobal
